// !$*UTF8*$!
{
	archiveVersion = 1;
	classes = {
	};
	objectVersion = 52;
	objects = {

/* Begin PBXBuildFile section */
		84A7A21E2507804800FDD090 /* AppDelegate.swift in Sources */ = {isa = PBXBuildFile; fileRef = 84A7A21D2507804800FDD090 /* AppDelegate.swift */; };
		84A7A2242507804E00FDD090 /* Assets.xcassets in Resources */ = {isa = PBXBuildFile; fileRef = 84A7A2232507804E00FDD090 /* Assets.xcassets */; };
		84A7A2272507804E00FDD090 /* Preview Assets.xcassets in Resources */ = {isa = PBXBuildFile; fileRef = 84A7A2262507804E00FDD090 /* Preview Assets.xcassets */; };
		84A7A22A2507804E00FDD090 /* LaunchScreen.storyboard in Resources */ = {isa = PBXBuildFile; fileRef = 84A7A2282507804E00FDD090 /* LaunchScreen.storyboard */; };
		84A7A2332507806F00FDD090 /* shared.framework in Frameworks */ = {isa = PBXBuildFile; fileRef = 84A7A2322507806F00FDD090 /* shared.framework */; };
		84A7A2342507806F00FDD090 /* shared.framework in Embed Frameworks */ = {isa = PBXBuildFile; fileRef = 84A7A2322507806F00FDD090 /* shared.framework */; settings = {ATTRIBUTES = (CodeSignOnCopy, RemoveHeadersOnCopy, ); }; };
		84C9E584250B7F8700BD2692 /* ArticleCell.swift in Sources */ = {isa = PBXBuildFile; fileRef = 84C9E583250B7F8700BD2692 /* ArticleCell.swift */; };
		84C9E588250B89F400BD2692 /* ArticleView.swift in Sources */ = {isa = PBXBuildFile; fileRef = 84C9E587250B89F400BD2692 /* ArticleView.swift */; };
		84C9E58A250B98B200BD2692 /* AppLauncher.swift in Sources */ = {isa = PBXBuildFile; fileRef = 84C9E589250B98B100BD2692 /* AppLauncher.swift */; };
		84D61ADD250A53AF006B13E1 /* ArticlesViewController.swift in Sources */ = {isa = PBXBuildFile; fileRef = 84D61ADC250A53AF006B13E1 /* ArticlesViewController.swift */; };
		84D61AE1250A5787006B13E1 /* ArticleViewController.swift in Sources */ = {isa = PBXBuildFile; fileRef = 84D61AE0250A5787006B13E1 /* ArticleViewController.swift */; };
		84D61AE3250A57AE006B13E1 /* ArticlesView.swift in Sources */ = {isa = PBXBuildFile; fileRef = 84D61AE2250A57AE006B13E1 /* ArticlesView.swift */; };
		84D61AE5250A6336006B13E1 /* main.swift in Sources */ = {isa = PBXBuildFile; fileRef = 84D61AE4250A6336006B13E1 /* main.swift */; };
		84D61AE8250A743E006B13E1 /* BaseViewController.swift in Sources */ = {isa = PBXBuildFile; fileRef = 84D61AE7250A743E006B13E1 /* BaseViewController.swift */; };
		84D61AEA250A7540006B13E1 /* BaseView.swift in Sources */ = {isa = PBXBuildFile; fileRef = 84D61AE9250A7540006B13E1 /* BaseView.swift */; };
		84D61AEC250A83DF006B13E1 /* Screens.swift in Sources */ = {isa = PBXBuildFile; fileRef = 84D61AEB250A83DF006B13E1 /* Screens.swift */; };
		84D61AEF250A9918006B13E1 /* SnapKit in Frameworks */ = {isa = PBXBuildFile; productRef = 84D61AEE250A9918006B13E1 /* SnapKit */; };
/* End PBXBuildFile section */

/* Begin PBXCopyFilesBuildPhase section */
		84A7A2352507806F00FDD090 /* Embed Frameworks */ = {
			isa = PBXCopyFilesBuildPhase;
			buildActionMask = 2147483647;
			dstPath = "";
			dstSubfolderSpec = 10;
			files = (
				84A7A2342507806F00FDD090 /* shared.framework in Embed Frameworks */,
			);
			name = "Embed Frameworks";
			runOnlyForDeploymentPostprocessing = 0;
		};
/* End PBXCopyFilesBuildPhase section */

/* Begin PBXFileReference section */
		84A7A21A2507804800FDD090 /* iosApp.app */ = {isa = PBXFileReference; explicitFileType = wrapper.application; includeInIndex = 0; path = iosApp.app; sourceTree = BUILT_PRODUCTS_DIR; };
		84A7A21D2507804800FDD090 /* AppDelegate.swift */ = {isa = PBXFileReference; lastKnownFileType = sourcecode.swift; path = AppDelegate.swift; sourceTree = "<group>"; };
		84A7A2232507804E00FDD090 /* Assets.xcassets */ = {isa = PBXFileReference; lastKnownFileType = folder.assetcatalog; path = Assets.xcassets; sourceTree = "<group>"; };
		84A7A2262507804E00FDD090 /* Preview Assets.xcassets */ = {isa = PBXFileReference; lastKnownFileType = folder.assetcatalog; path = "Preview Assets.xcassets"; sourceTree = "<group>"; };
		84A7A2292507804E00FDD090 /* Base */ = {isa = PBXFileReference; lastKnownFileType = file.storyboard; name = Base; path = Base.lproj/LaunchScreen.storyboard; sourceTree = "<group>"; };
		84A7A22B2507804E00FDD090 /* Info.plist */ = {isa = PBXFileReference; lastKnownFileType = text.plist.xml; path = Info.plist; sourceTree = "<group>"; };
		84A7A2322507806F00FDD090 /* shared.framework */ = {isa = PBXFileReference; lastKnownFileType = wrapper.framework; name = shared.framework; path = "../shared/build/xcode-frameworks/shared.framework"; sourceTree = "<group>"; };
		84C9E583250B7F8700BD2692 /* ArticleCell.swift */ = {isa = PBXFileReference; lastKnownFileType = sourcecode.swift; path = ArticleCell.swift; sourceTree = "<group>"; };
		84C9E587250B89F400BD2692 /* ArticleView.swift */ = {isa = PBXFileReference; lastKnownFileType = sourcecode.swift; path = ArticleView.swift; sourceTree = "<group>"; };
		84C9E589250B98B100BD2692 /* AppLauncher.swift */ = {isa = PBXFileReference; lastKnownFileType = sourcecode.swift; path = AppLauncher.swift; sourceTree = "<group>"; };
		84D61ADC250A53AF006B13E1 /* ArticlesViewController.swift */ = {isa = PBXFileReference; lastKnownFileType = sourcecode.swift; path = ArticlesViewController.swift; sourceTree = "<group>"; };
		84D61AE0250A5787006B13E1 /* ArticleViewController.swift */ = {isa = PBXFileReference; lastKnownFileType = sourcecode.swift; path = ArticleViewController.swift; sourceTree = "<group>"; };
		84D61AE2250A57AE006B13E1 /* ArticlesView.swift */ = {isa = PBXFileReference; lastKnownFileType = sourcecode.swift; path = ArticlesView.swift; sourceTree = "<group>"; };
		84D61AE4250A6336006B13E1 /* main.swift */ = {isa = PBXFileReference; lastKnownFileType = sourcecode.swift; path = main.swift; sourceTree = "<group>"; };
		84D61AE7250A743E006B13E1 /* BaseViewController.swift */ = {isa = PBXFileReference; lastKnownFileType = sourcecode.swift; path = BaseViewController.swift; sourceTree = "<group>"; };
		84D61AE9250A7540006B13E1 /* BaseView.swift */ = {isa = PBXFileReference; lastKnownFileType = sourcecode.swift; path = BaseView.swift; sourceTree = "<group>"; };
		84D61AEB250A83DF006B13E1 /* Screens.swift */ = {isa = PBXFileReference; lastKnownFileType = sourcecode.swift; path = Screens.swift; sourceTree = "<group>"; };
/* End PBXFileReference section */

/* Begin PBXFrameworksBuildPhase section */
		84A7A2172507804800FDD090 /* Frameworks */ = {
			isa = PBXFrameworksBuildPhase;
			buildActionMask = 2147483647;
			files = (
				84A7A2332507806F00FDD090 /* shared.framework in Frameworks */,
				84D61AEF250A9918006B13E1 /* SnapKit in Frameworks */,
			);
			runOnlyForDeploymentPostprocessing = 0;
		};
/* End PBXFrameworksBuildPhase section */

/* Begin PBXGroup section */
		84A7A2112507804800FDD090 = {
			isa = PBXGroup;
			children = (
				84A7A21C2507804800FDD090 /* iosApp */,
				84A7A21B2507804800FDD090 /* Products */,
				84A7A2312507806F00FDD090 /* Frameworks */,
			);
			sourceTree = "<group>";
		};
		84A7A21B2507804800FDD090 /* Products */ = {
			isa = PBXGroup;
			children = (
				84A7A21A2507804800FDD090 /* iosApp.app */,
			);
			name = Products;
			sourceTree = "<group>";
		};
		84A7A21C2507804800FDD090 /* iosApp */ = {
			isa = PBXGroup;
			children = (
				84D61ADB250A539C006B13E1 /* ui */,
				84A7A21D2507804800FDD090 /* AppDelegate.swift */,
				84A7A2232507804E00FDD090 /* Assets.xcassets */,
				84A7A2282507804E00FDD090 /* LaunchScreen.storyboard */,
				84A7A22B2507804E00FDD090 /* Info.plist */,
				84A7A2252507804E00FDD090 /* Preview Content */,
				84D61AE4250A6336006B13E1 /* main.swift */,
				84D61AEB250A83DF006B13E1 /* Screens.swift */,
				84C9E589250B98B100BD2692 /* AppLauncher.swift */,
			);
			path = iosApp;
			sourceTree = "<group>";
		};
		84A7A2252507804E00FDD090 /* Preview Content */ = {
			isa = PBXGroup;
			children = (
				84A7A2262507804E00FDD090 /* Preview Assets.xcassets */,
			);
			path = "Preview Content";
			sourceTree = "<group>";
		};
		84A7A2312507806F00FDD090 /* Frameworks */ = {
			isa = PBXGroup;
			children = (
				84A7A2322507806F00FDD090 /* shared.framework */,
			);
			name = Frameworks;
			sourceTree = "<group>";
		};
		84D61ADB250A539C006B13E1 /* ui */ = {
			isa = PBXGroup;
			children = (
				84D61AE6250A73AA006B13E1 /* base */,
				84D61ADF250A5770006B13E1 /* article */,
				84D61ADE250A5765006B13E1 /* articles */,
			);
			path = ui;
			sourceTree = "<group>";
		};
		84D61ADE250A5765006B13E1 /* articles */ = {
			isa = PBXGroup;
			children = (
				84D61ADC250A53AF006B13E1 /* ArticlesViewController.swift */,
				84D61AE2250A57AE006B13E1 /* ArticlesView.swift */,
				84C9E583250B7F8700BD2692 /* ArticleCell.swift */,
			);
			path = articles;
			sourceTree = "<group>";
		};
		84D61ADF250A5770006B13E1 /* article */ = {
			isa = PBXGroup;
			children = (
				84D61AE0250A5787006B13E1 /* ArticleViewController.swift */,
				84C9E587250B89F400BD2692 /* ArticleView.swift */,
			);
			path = article;
			sourceTree = "<group>";
		};
		84D61AE6250A73AA006B13E1 /* base */ = {
			isa = PBXGroup;
			children = (
				84D61AE7250A743E006B13E1 /* BaseViewController.swift */,
				84D61AE9250A7540006B13E1 /* BaseView.swift */,
			);
			path = base;
			sourceTree = "<group>";
		};
/* End PBXGroup section */

/* Begin PBXNativeTarget section */
		84A7A2192507804800FDD090 /* iosApp */ = {
			isa = PBXNativeTarget;
			buildConfigurationList = 84A7A22E2507804E00FDD090 /* Build configuration list for PBXNativeTarget "iosApp" */;
			buildPhases = (
				84A7A236250780F500FDD090 /* Run Script */,
				84A7A2352507806F00FDD090 /* Embed Frameworks */,
				84A7A2162507804800FDD090 /* Sources */,
				84A7A2172507804800FDD090 /* Frameworks */,
				84A7A2182507804800FDD090 /* Resources */,
			);
			buildRules = (
			);
			dependencies = (
			);
			name = iosApp;
			packageProductDependencies = (
				84D61AEE250A9918006B13E1 /* SnapKit */,
			);
			productName = iosApp;
			productReference = 84A7A21A2507804800FDD090 /* iosApp.app */;
			productType = "com.apple.product-type.application";
		};
/* End PBXNativeTarget section */

/* Begin PBXProject section */
		84A7A2122507804800FDD090 /* Project object */ = {
			isa = PBXProject;
			attributes = {
				LastSwiftUpdateCheck = 1170;
				LastUpgradeCheck = 1170;
				ORGANIZATIONNAME = "Айрат Халилов";
				TargetAttributes = {
					84A7A2192507804800FDD090 = {
						CreatedOnToolsVersion = 11.7;
					};
				};
			};
			buildConfigurationList = 84A7A2152507804800FDD090 /* Build configuration list for PBXProject "iosApp" */;
			compatibilityVersion = "Xcode 9.3";
			developmentRegion = en;
			hasScannedForEncodings = 0;
			knownRegions = (
				en,
				Base,
			);
			mainGroup = 84A7A2112507804800FDD090;
			packageReferences = (
				84D61AED250A9918006B13E1 /* XCRemoteSwiftPackageReference "SnapKit" */,
				84C9E580250B668A00BD2692 /* XCRemoteSwiftPackageReference "BonMot" */,
			);
			productRefGroup = 84A7A21B2507804800FDD090 /* Products */;
			projectDirPath = "";
			projectRoot = "";
			targets = (
				84A7A2192507804800FDD090 /* iosApp */,
			);
		};
/* End PBXProject section */

/* Begin PBXResourcesBuildPhase section */
		84A7A2182507804800FDD090 /* Resources */ = {
			isa = PBXResourcesBuildPhase;
			buildActionMask = 2147483647;
			files = (
				84A7A22A2507804E00FDD090 /* LaunchScreen.storyboard in Resources */,
				84A7A2272507804E00FDD090 /* Preview Assets.xcassets in Resources */,
				84A7A2242507804E00FDD090 /* Assets.xcassets in Resources */,
			);
			runOnlyForDeploymentPostprocessing = 0;
		};
/* End PBXResourcesBuildPhase section */

/* Begin PBXShellScriptBuildPhase section */
		84A7A236250780F500FDD090 /* Run Script */ = {
			isa = PBXShellScriptBuildPhase;
			buildActionMask = 2147483647;
			files = (
			);
			inputFileListPaths = (
			);
			inputPaths = (
			);
			name = "Run Script";
			outputFileListPaths = (
			);
			outputPaths = (
			);
			runOnlyForDeploymentPostprocessing = 0;
			shellPath = /bin/sh;
			shellScript = "# Type a script or drag a script file from your workspace to insert its path.\ncd $SRCROOT/../\n./gradlew :shared:packForXCode -PXCODE_CONFIGURATION=${CONFIGURATION}\n";
		};
/* End PBXShellScriptBuildPhase section */

/* Begin PBXSourcesBuildPhase section */
		84A7A2162507804800FDD090 /* Sources */ = {
			isa = PBXSourcesBuildPhase;
			buildActionMask = 2147483647;
			files = (
				84A7A21E2507804800FDD090 /* AppDelegate.swift in Sources */,
				84D61AE5250A6336006B13E1 /* main.swift in Sources */,
				84D61ADD250A53AF006B13E1 /* ArticlesViewController.swift in Sources */,
				84D61AEC250A83DF006B13E1 /* Screens.swift in Sources */,
				84D61AE1250A5787006B13E1 /* ArticleViewController.swift in Sources */,
				84C9E584250B7F8700BD2692 /* ArticleCell.swift in Sources */,
				84D61AEA250A7540006B13E1 /* BaseView.swift in Sources */,
				84C9E588250B89F400BD2692 /* ArticleView.swift in Sources */,
				84D61AE3250A57AE006B13E1 /* ArticlesView.swift in Sources */,
				84C9E58A250B98B200BD2692 /* AppLauncher.swift in Sources */,
				84D61AE8250A743E006B13E1 /* BaseViewController.swift in Sources */,
			);
			runOnlyForDeploymentPostprocessing = 0;
		};
/* End PBXSourcesBuildPhase section */

/* Begin PBXVariantGroup section */
		84A7A2282507804E00FDD090 /* LaunchScreen.storyboard */ = {
			isa = PBXVariantGroup;
			children = (
				84A7A2292507804E00FDD090 /* Base */,
			);
			name = LaunchScreen.storyboard;
			sourceTree = "<group>";
		};
/* End PBXVariantGroup section */

/* Begin XCBuildConfiguration section */
		84A7A22C2507804E00FDD090 /* Debug */ = {
			isa = XCBuildConfiguration;
			buildSettings = {
				ALWAYS_SEARCH_USER_PATHS = NO;
				CLANG_ANALYZER_NONNULL = YES;
				CLANG_ANALYZER_NUMBER_OBJECT_CONVERSION = YES_AGGRESSIVE;
				CLANG_CXX_LANGUAGE_STANDARD = "gnu++14";
				CLANG_CXX_LIBRARY = "libc++";
				CLANG_ENABLE_MODULES = YES;
				CLANG_ENABLE_OBJC_ARC = YES;
				CLANG_ENABLE_OBJC_WEAK = YES;
				CLANG_WARN_BLOCK_CAPTURE_AUTORELEASING = YES;
				CLANG_WARN_BOOL_CONVERSION = YES;
				CLANG_WARN_COMMA = YES;
				CLANG_WARN_CONSTANT_CONVERSION = YES;
				CLANG_WARN_DEPRECATED_OBJC_IMPLEMENTATIONS = YES;
				CLANG_WARN_DIRECT_OBJC_ISA_USAGE = YES_ERROR;
				CLANG_WARN_DOCUMENTATION_COMMENTS = YES;
				CLANG_WARN_EMPTY_BODY = YES;
				CLANG_WARN_ENUM_CONVERSION = YES;
				CLANG_WARN_INFINITE_RECURSION = YES;
				CLANG_WARN_INT_CONVERSION = YES;
				CLANG_WARN_NON_LITERAL_NULL_CONVERSION = YES;
				CLANG_WARN_OBJC_IMPLICIT_RETAIN_SELF = YES;
				CLANG_WARN_OBJC_LITERAL_CONVERSION = YES;
				CLANG_WARN_OBJC_ROOT_CLASS = YES_ERROR;
				CLANG_WARN_RANGE_LOOP_ANALYSIS = YES;
				CLANG_WARN_STRICT_PROTOTYPES = YES;
				CLANG_WARN_SUSPICIOUS_MOVE = YES;
				CLANG_WARN_UNGUARDED_AVAILABILITY = YES_AGGRESSIVE;
				CLANG_WARN_UNREACHABLE_CODE = YES;
				CLANG_WARN__DUPLICATE_METHOD_MATCH = YES;
				COPY_PHASE_STRIP = NO;
				DEBUG_INFORMATION_FORMAT = dwarf;
				ENABLE_STRICT_OBJC_MSGSEND = YES;
				ENABLE_TESTABILITY = YES;
				GCC_C_LANGUAGE_STANDARD = gnu11;
				GCC_DYNAMIC_NO_PIC = NO;
				GCC_NO_COMMON_BLOCKS = YES;
				GCC_OPTIMIZATION_LEVEL = 0;
				GCC_PREPROCESSOR_DEFINITIONS = (
					"DEBUG=1",
					"$(inherited)",
				);
				GCC_WARN_64_TO_32_BIT_CONVERSION = YES;
				GCC_WARN_ABOUT_RETURN_TYPE = YES_ERROR;
				GCC_WARN_UNDECLARED_SELECTOR = YES;
				GCC_WARN_UNINITIALIZED_AUTOS = YES_AGGRESSIVE;
				GCC_WARN_UNUSED_FUNCTION = YES;
				GCC_WARN_UNUSED_VARIABLE = YES;
				IPHONEOS_DEPLOYMENT_TARGET = 13.7;
				MTL_ENABLE_DEBUG_INFO = INCLUDE_SOURCE;
				MTL_FAST_MATH = YES;
				ONLY_ACTIVE_ARCH = YES;
				SDKROOT = iphoneos;
				SWIFT_ACTIVE_COMPILATION_CONDITIONS = DEBUG;
				SWIFT_OPTIMIZATION_LEVEL = "-Onone";
			};
			name = Debug;
		};
		84A7A22D2507804E00FDD090 /* Release */ = {
			isa = XCBuildConfiguration;
			buildSettings = {
				ALWAYS_SEARCH_USER_PATHS = NO;
				CLANG_ANALYZER_NONNULL = YES;
				CLANG_ANALYZER_NUMBER_OBJECT_CONVERSION = YES_AGGRESSIVE;
				CLANG_CXX_LANGUAGE_STANDARD = "gnu++14";
				CLANG_CXX_LIBRARY = "libc++";
				CLANG_ENABLE_MODULES = YES;
				CLANG_ENABLE_OBJC_ARC = YES;
				CLANG_ENABLE_OBJC_WEAK = YES;
				CLANG_WARN_BLOCK_CAPTURE_AUTORELEASING = YES;
				CLANG_WARN_BOOL_CONVERSION = YES;
				CLANG_WARN_COMMA = YES;
				CLANG_WARN_CONSTANT_CONVERSION = YES;
				CLANG_WARN_DEPRECATED_OBJC_IMPLEMENTATIONS = YES;
				CLANG_WARN_DIRECT_OBJC_ISA_USAGE = YES_ERROR;
				CLANG_WARN_DOCUMENTATION_COMMENTS = YES;
				CLANG_WARN_EMPTY_BODY = YES;
				CLANG_WARN_ENUM_CONVERSION = YES;
				CLANG_WARN_INFINITE_RECURSION = YES;
				CLANG_WARN_INT_CONVERSION = YES;
				CLANG_WARN_NON_LITERAL_NULL_CONVERSION = YES;
				CLANG_WARN_OBJC_IMPLICIT_RETAIN_SELF = YES;
				CLANG_WARN_OBJC_LITERAL_CONVERSION = YES;
				CLANG_WARN_OBJC_ROOT_CLASS = YES_ERROR;
				CLANG_WARN_RANGE_LOOP_ANALYSIS = YES;
				CLANG_WARN_STRICT_PROTOTYPES = YES;
				CLANG_WARN_SUSPICIOUS_MOVE = YES;
				CLANG_WARN_UNGUARDED_AVAILABILITY = YES_AGGRESSIVE;
				CLANG_WARN_UNREACHABLE_CODE = YES;
				CLANG_WARN__DUPLICATE_METHOD_MATCH = YES;
				COPY_PHASE_STRIP = NO;
				DEBUG_INFORMATION_FORMAT = "dwarf-with-dsym";
				ENABLE_NS_ASSERTIONS = NO;
				ENABLE_STRICT_OBJC_MSGSEND = YES;
				GCC_C_LANGUAGE_STANDARD = gnu11;
				GCC_NO_COMMON_BLOCKS = YES;
				GCC_WARN_64_TO_32_BIT_CONVERSION = YES;
				GCC_WARN_ABOUT_RETURN_TYPE = YES_ERROR;
				GCC_WARN_UNDECLARED_SELECTOR = YES;
				GCC_WARN_UNINITIALIZED_AUTOS = YES_AGGRESSIVE;
				GCC_WARN_UNUSED_FUNCTION = YES;
				GCC_WARN_UNUSED_VARIABLE = YES;
				IPHONEOS_DEPLOYMENT_TARGET = 13.7;
				MTL_ENABLE_DEBUG_INFO = NO;
				MTL_FAST_MATH = YES;
				SDKROOT = iphoneos;
				SWIFT_COMPILATION_MODE = wholemodule;
				SWIFT_OPTIMIZATION_LEVEL = "-O";
				VALIDATE_PRODUCT = YES;
			};
			name = Release;
		};
		84A7A22F2507804E00FDD090 /* Debug */ = {
			isa = XCBuildConfiguration;
			buildSettings = {
				ASSETCATALOG_COMPILER_APPICON_NAME = AppIcon;
				CODE_SIGN_STYLE = Automatic;
				DEVELOPMENT_ASSET_PATHS = "\"iosApp/Preview Content\"";
				DEVELOPMENT_TEAM = 2NL54W9V2Z;
				ENABLE_PREVIEWS = YES;
				FRAMEWORK_SEARCH_PATHS = "$(SRCROOT)/../shared/build/xcode-frameworks";
				INFOPLIST_FILE = iosApp/Info.plist;
				IPHONEOS_DEPLOYMENT_TARGET = 13.0;
				LD_RUNPATH_SEARCH_PATHS = (
					"$(inherited)",
					"@executable_path/Frameworks",
				);
				PRODUCT_BUNDLE_IDENTIFIER = airatlovesmusic.iosApp;
				PRODUCT_NAME = "$(TARGET_NAME)";
				SWIFT_VERSION = 5.0;
				TARGETED_DEVICE_FAMILY = 1;
			};
			name = Debug;
		};
		84A7A2302507804E00FDD090 /* Release */ = {
			isa = XCBuildConfiguration;
			buildSettings = {
				ASSETCATALOG_COMPILER_APPICON_NAME = AppIcon;
				CODE_SIGN_STYLE = Automatic;
				DEVELOPMENT_ASSET_PATHS = "\"iosApp/Preview Content\"";
				DEVELOPMENT_TEAM = 2NL54W9V2Z;
				ENABLE_PREVIEWS = YES;
				FRAMEWORK_SEARCH_PATHS = "$(SRCROOT)/../shared/build/xcode-frameworks";
				INFOPLIST_FILE = iosApp/Info.plist;
				IPHONEOS_DEPLOYMENT_TARGET = 13.0;
				LD_RUNPATH_SEARCH_PATHS = (
					"$(inherited)",
					"@executable_path/Frameworks",
				);
				PRODUCT_BUNDLE_IDENTIFIER = airatlovesmusic.iosApp;
				PRODUCT_NAME = "$(TARGET_NAME)";
				SWIFT_VERSION = 5.0;
				TARGETED_DEVICE_FAMILY = 1;
			};
			name = Release;
		};
/* End XCBuildConfiguration section */

/* Begin XCConfigurationList section */
		84A7A2152507804800FDD090 /* Build configuration list for PBXProject "iosApp" */ = {
			isa = XCConfigurationList;
			buildConfigurations = (
				84A7A22C2507804E00FDD090 /* Debug */,
				84A7A22D2507804E00FDD090 /* Release */,
			);
			defaultConfigurationIsVisible = 0;
			defaultConfigurationName = Release;
		};
		84A7A22E2507804E00FDD090 /* Build configuration list for PBXNativeTarget "iosApp" */ = {
			isa = XCConfigurationList;
			buildConfigurations = (
				84A7A22F2507804E00FDD090 /* Debug */,
				84A7A2302507804E00FDD090 /* Release */,
			);
			defaultConfigurationIsVisible = 0;
			defaultConfigurationName = Release;
		};
/* End XCConfigurationList section */

/* Begin XCRemoteSwiftPackageReference section */
		84C9E580250B668A00BD2692 /* XCRemoteSwiftPackageReference "BonMot" */ = {
			isa = XCRemoteSwiftPackageReference;
			repositoryURL = "https://github.com/Rightpoint/BonMot";
			requirement = {
				kind = upToNextMajorVersion;
				minimumVersion = 5.5.1;
			};
		};
		84D61AED250A9918006B13E1 /* XCRemoteSwiftPackageReference "SnapKit" */ = {
			isa = XCRemoteSwiftPackageReference;
			repositoryURL = "https://github.com/SnapKit/SnapKit";
			requirement = {
				kind = upToNextMajorVersion;
				minimumVersion = 5.0.1;
			};
		};
/* End XCRemoteSwiftPackageReference section */

/* Begin XCSwiftPackageProductDependency section */
		84D61AEE250A9918006B13E1 /* SnapKit */ = {
			isa = XCSwiftPackageProductDependency;
			package = 84D61AED250A9918006B13E1 /* XCRemoteSwiftPackageReference "SnapKit" */;
			productName = SnapKit;
		};
/* End XCSwiftPackageProductDependency section */
	};
	rootObject = 84A7A2122507804800FDD090 /* Project object */;
}
