// !$*UTF8*$!
{
	archiveVersion = 1;
	classes = {
	};
	objectVersion = 50;
	objects = {

/* Begin PBXBuildFile section */
		3F9B2B0E8AB68BF85751D6EB /* Pods_app.framework in Frameworks */ = {isa = PBXBuildFile; fileRef = 6646E18E7C0B5FA294908C10 /* Pods_app.framework */; };
		846351A424FD6A53008D1A56 /* AppDelegate.swift in Sources */ = {isa = PBXBuildFile; fileRef = 846351A324FD6A53008D1A56 /* AppDelegate.swift */; };
		846351AA24FD6A61008D1A56 /* Assets.xcassets in Resources */ = {isa = PBXBuildFile; fileRef = 846351A924FD6A61008D1A56 /* Assets.xcassets */; };
		846351AD24FD6A61008D1A56 /* Preview Assets.xcassets in Resources */ = {isa = PBXBuildFile; fileRef = 846351AC24FD6A61008D1A56 /* Preview Assets.xcassets */; };
		846351B024FD6A61008D1A56 /* LaunchScreen.storyboard in Resources */ = {isa = PBXBuildFile; fileRef = 846351AE24FD6A61008D1A56 /* LaunchScreen.storyboard */; };
		846351BB24FD6A62008D1A56 /* appTests.swift in Sources */ = {isa = PBXBuildFile; fileRef = 846351BA24FD6A62008D1A56 /* appTests.swift */; };
		846351C624FD6A62008D1A56 /* appUITests.swift in Sources */ = {isa = PBXBuildFile; fileRef = 846351C524FD6A62008D1A56 /* appUITests.swift */; };
		84B2707D24FE4FC200B964E9 /* shared.framework in Frameworks */ = {isa = PBXBuildFile; fileRef = 84B2707B24FE4F3000B964E9 /* shared.framework */; };
		84B2707E24FE4FC200B964E9 /* shared.framework in Embed Frameworks */ = {isa = PBXBuildFile; fileRef = 84B2707B24FE4F3000B964E9 /* shared.framework */; settings = {ATTRIBUTES = (CodeSignOnCopy, RemoveHeadersOnCopy, ); }; };
/* End PBXBuildFile section */

/* Begin PBXContainerItemProxy section */
		846351B724FD6A62008D1A56 /* PBXContainerItemProxy */ = {
			isa = PBXContainerItemProxy;
			containerPortal = 8463519824FD6A52008D1A56 /* Project object */;
			proxyType = 1;
			remoteGlobalIDString = 8463519F24FD6A52008D1A56;
			remoteInfo = app;
		};
		846351C224FD6A62008D1A56 /* PBXContainerItemProxy */ = {
			isa = PBXContainerItemProxy;
			containerPortal = 8463519824FD6A52008D1A56 /* Project object */;
			proxyType = 1;
			remoteGlobalIDString = 8463519F24FD6A52008D1A56;
			remoteInfo = app;
		};
/* End PBXContainerItemProxy section */

/* Begin PBXCopyFilesBuildPhase section */
		84B2707F24FE4FC200B964E9 /* Embed Frameworks */ = {
			isa = PBXCopyFilesBuildPhase;
			buildActionMask = 2147483647;
			dstPath = "";
			dstSubfolderSpec = 10;
			files = (
				84B2707E24FE4FC200B964E9 /* shared.framework in Embed Frameworks */,
			);
			name = "Embed Frameworks";
			runOnlyForDeploymentPostprocessing = 0;
		};
/* End PBXCopyFilesBuildPhase section */

/* Begin PBXFileReference section */
		5CB0F77465A9C02269C7D0C9 /* Pods-app.release.xcconfig */ = {isa = PBXFileReference; includeInIndex = 1; lastKnownFileType = text.xcconfig; name = "Pods-app.release.xcconfig"; path = "Target Support Files/Pods-app/Pods-app.release.xcconfig"; sourceTree = "<group>"; };
		6646E18E7C0B5FA294908C10 /* Pods_app.framework */ = {isa = PBXFileReference; explicitFileType = wrapper.framework; includeInIndex = 0; path = Pods_app.framework; sourceTree = BUILT_PRODUCTS_DIR; };
		846351A024FD6A53008D1A56 /* app.app */ = {isa = PBXFileReference; explicitFileType = wrapper.application; includeInIndex = 0; path = app.app; sourceTree = BUILT_PRODUCTS_DIR; };
		846351A324FD6A53008D1A56 /* AppDelegate.swift */ = {isa = PBXFileReference; lastKnownFileType = sourcecode.swift; path = AppDelegate.swift; sourceTree = "<group>"; };
		846351A924FD6A61008D1A56 /* Assets.xcassets */ = {isa = PBXFileReference; lastKnownFileType = folder.assetcatalog; path = Assets.xcassets; sourceTree = "<group>"; };
		846351AC24FD6A61008D1A56 /* Preview Assets.xcassets */ = {isa = PBXFileReference; lastKnownFileType = folder.assetcatalog; path = "Preview Assets.xcassets"; sourceTree = "<group>"; };
		846351AF24FD6A61008D1A56 /* Base */ = {isa = PBXFileReference; lastKnownFileType = file.storyboard; name = Base; path = Base.lproj/LaunchScreen.storyboard; sourceTree = "<group>"; };
		846351B124FD6A61008D1A56 /* Info.plist */ = {isa = PBXFileReference; lastKnownFileType = text.plist.xml; path = Info.plist; sourceTree = "<group>"; };
		846351B624FD6A62008D1A56 /* appTests.xctest */ = {isa = PBXFileReference; explicitFileType = wrapper.cfbundle; includeInIndex = 0; path = appTests.xctest; sourceTree = BUILT_PRODUCTS_DIR; };
		846351BA24FD6A62008D1A56 /* appTests.swift */ = {isa = PBXFileReference; lastKnownFileType = sourcecode.swift; path = appTests.swift; sourceTree = "<group>"; };
		846351BC24FD6A62008D1A56 /* Info.plist */ = {isa = PBXFileReference; lastKnownFileType = text.plist.xml; path = Info.plist; sourceTree = "<group>"; };
		846351C124FD6A62008D1A56 /* appUITests.xctest */ = {isa = PBXFileReference; explicitFileType = wrapper.cfbundle; includeInIndex = 0; path = appUITests.xctest; sourceTree = BUILT_PRODUCTS_DIR; };
		846351C524FD6A62008D1A56 /* appUITests.swift */ = {isa = PBXFileReference; lastKnownFileType = sourcecode.swift; path = appUITests.swift; sourceTree = "<group>"; };
		846351C724FD6A62008D1A56 /* Info.plist */ = {isa = PBXFileReference; lastKnownFileType = text.plist.xml; path = Info.plist; sourceTree = "<group>"; };
		84B2707B24FE4F3000B964E9 /* shared.framework */ = {isa = PBXFileReference; lastKnownFileType = wrapper.framework; name = shared.framework; path = "../shared/build/xcode-frameworks/shared.framework"; sourceTree = "<group>"; };
		BE2B6B0157FE6A34422E7E95 /* Pods-app.debug.xcconfig */ = {isa = PBXFileReference; includeInIndex = 1; lastKnownFileType = text.xcconfig; name = "Pods-app.debug.xcconfig"; path = "Target Support Files/Pods-app/Pods-app.debug.xcconfig"; sourceTree = "<group>"; };
/* End PBXFileReference section */

/* Begin PBXFrameworksBuildPhase section */
		8463519D24FD6A52008D1A56 /* Frameworks */ = {
			isa = PBXFrameworksBuildPhase;
			buildActionMask = 2147483647;
			files = (
				84B2707D24FE4FC200B964E9 /* shared.framework in Frameworks */,
				3F9B2B0E8AB68BF85751D6EB /* Pods_app.framework in Frameworks */,
			);
			runOnlyForDeploymentPostprocessing = 0;
		};
		846351B324FD6A62008D1A56 /* Frameworks */ = {
			isa = PBXFrameworksBuildPhase;
			buildActionMask = 2147483647;
			files = (
			);
			runOnlyForDeploymentPostprocessing = 0;
		};
		846351BE24FD6A62008D1A56 /* Frameworks */ = {
			isa = PBXFrameworksBuildPhase;
			buildActionMask = 2147483647;
			files = (
			);
			runOnlyForDeploymentPostprocessing = 0;
		};
/* End PBXFrameworksBuildPhase section */

/* Begin PBXGroup section */
		0AE8F1C87334293BF05C8A40 /* Pods */ = {
			isa = PBXGroup;
			children = (
				BE2B6B0157FE6A34422E7E95 /* Pods-app.debug.xcconfig */,
				5CB0F77465A9C02269C7D0C9 /* Pods-app.release.xcconfig */,
			);
			name = Pods;
			path = Pods;
			sourceTree = "<group>";
		};
		8463519724FD6A52008D1A56 = {
			isa = PBXGroup;
			children = (
				846351A224FD6A53008D1A56 /* app */,
				846351B924FD6A62008D1A56 /* appTests */,
				846351C424FD6A62008D1A56 /* appUITests */,
				846351A124FD6A53008D1A56 /* Products */,
				84B2707624FE4DB300B964E9 /* Frameworks */,
				0AE8F1C87334293BF05C8A40 /* Pods */,
			);
			sourceTree = "<group>";
		};
		846351A124FD6A53008D1A56 /* Products */ = {
			isa = PBXGroup;
			children = (
				846351A024FD6A53008D1A56 /* app.app */,
				846351B624FD6A62008D1A56 /* appTests.xctest */,
				846351C124FD6A62008D1A56 /* appUITests.xctest */,
			);
			name = Products;
			sourceTree = "<group>";
		};
		846351A224FD6A53008D1A56 /* app */ = {
			isa = PBXGroup;
			children = (
				8487F49225027B77000658A5 /* Classes */,
				846351A324FD6A53008D1A56 /* AppDelegate.swift */,
				846351A924FD6A61008D1A56 /* Assets.xcassets */,
				846351AE24FD6A61008D1A56 /* LaunchScreen.storyboard */,
				846351B124FD6A61008D1A56 /* Info.plist */,
				846351AB24FD6A61008D1A56 /* Preview Content */,
			);
			path = app;
			sourceTree = "<group>";
		};
		846351AB24FD6A61008D1A56 /* Preview Content */ = {
			isa = PBXGroup;
			children = (
				846351AC24FD6A61008D1A56 /* Preview Assets.xcassets */,
			);
			path = "Preview Content";
			sourceTree = "<group>";
		};
		846351B924FD6A62008D1A56 /* appTests */ = {
			isa = PBXGroup;
			children = (
				846351BA24FD6A62008D1A56 /* appTests.swift */,
				846351BC24FD6A62008D1A56 /* Info.plist */,
			);
			path = appTests;
			sourceTree = "<group>";
		};
		846351C424FD6A62008D1A56 /* appUITests */ = {
			isa = PBXGroup;
			children = (
				846351C524FD6A62008D1A56 /* appUITests.swift */,
				846351C724FD6A62008D1A56 /* Info.plist */,
			);
			path = appUITests;
			sourceTree = "<group>";
		};
		8487F49225027B77000658A5 /* Classes */ = {
			isa = PBXGroup;
			children = (
			);
			path = Classes;
			sourceTree = "<group>";
		};
		84B2707624FE4DB300B964E9 /* Frameworks */ = {
			isa = PBXGroup;
			children = (
				84B2707B24FE4F3000B964E9 /* shared.framework */,
				6646E18E7C0B5FA294908C10 /* Pods_app.framework */,
			);
			name = Frameworks;
			sourceTree = "<group>";
		};
/* End PBXGroup section */

/* Begin PBXNativeTarget section */
		8463519F24FD6A52008D1A56 /* app */ = {
			isa = PBXNativeTarget;
			buildConfigurationList = 846351CA24FD6A62008D1A56 /* Build configuration list for PBXNativeTarget "app" */;
			buildPhases = (
				B0480CDB112C74D999524E54 /* [CP] Check Pods Manifest.lock */,
				84B2708024FE550900B964E9 /* ShellScript */,
				8463519C24FD6A52008D1A56 /* Sources */,
				8463519D24FD6A52008D1A56 /* Frameworks */,
				8463519E24FD6A52008D1A56 /* Resources */,
				84B2707F24FE4FC200B964E9 /* Embed Frameworks */,
			);
			buildRules = (
			);
			dependencies = (
			);
			name = app;
			productName = app;
			productReference = 846351A024FD6A53008D1A56 /* app.app */;
			productType = "com.apple.product-type.application";
		};
		846351B524FD6A62008D1A56 /* appTests */ = {
			isa = PBXNativeTarget;
			buildConfigurationList = 846351CD24FD6A62008D1A56 /* Build configuration list for PBXNativeTarget "appTests" */;
			buildPhases = (
				846351B224FD6A62008D1A56 /* Sources */,
				846351B324FD6A62008D1A56 /* Frameworks */,
				846351B424FD6A62008D1A56 /* Resources */,
			);
			buildRules = (
			);
			dependencies = (
				846351B824FD6A62008D1A56 /* PBXTargetDependency */,
			);
			name = appTests;
			productName = appTests;
			productReference = 846351B624FD6A62008D1A56 /* appTests.xctest */;
			productType = "com.apple.product-type.bundle.unit-test";
		};
		846351C024FD6A62008D1A56 /* appUITests */ = {
			isa = PBXNativeTarget;
			buildConfigurationList = 846351D024FD6A62008D1A56 /* Build configuration list for PBXNativeTarget "appUITests" */;
			buildPhases = (
				846351BD24FD6A62008D1A56 /* Sources */,
				846351BE24FD6A62008D1A56 /* Frameworks */,
				846351BF24FD6A62008D1A56 /* Resources */,
			);
			buildRules = (
			);
			dependencies = (
				846351C324FD6A62008D1A56 /* PBXTargetDependency */,
			);
			name = appUITests;
			productName = appUITests;
			productReference = 846351C124FD6A62008D1A56 /* appUITests.xctest */;
			productType = "com.apple.product-type.bundle.ui-testing";
		};
/* End PBXNativeTarget section */

/* Begin PBXProject section */
		8463519824FD6A52008D1A56 /* Project object */ = {
			isa = PBXProject;
			attributes = {
				LastSwiftUpdateCheck = 1160;
				LastUpgradeCheck = 1160;
				ORGANIZATIONNAME = "Айрат Халилов";
				TargetAttributes = {
					8463519F24FD6A52008D1A56 = {
						CreatedOnToolsVersion = 11.6;
					};
					846351B524FD6A62008D1A56 = {
						CreatedOnToolsVersion = 11.6;
						TestTargetID = 8463519F24FD6A52008D1A56;
					};
					846351C024FD6A62008D1A56 = {
						CreatedOnToolsVersion = 11.6;
						TestTargetID = 8463519F24FD6A52008D1A56;
					};
				};
			};
			buildConfigurationList = 8463519B24FD6A52008D1A56 /* Build configuration list for PBXProject "app" */;
			compatibilityVersion = "Xcode 9.3";
			developmentRegion = en;
			hasScannedForEncodings = 0;
			knownRegions = (
				en,
				Base,
			);
			mainGroup = 8463519724FD6A52008D1A56;
			productRefGroup = 846351A124FD6A53008D1A56 /* Products */;
			projectDirPath = "";
			projectRoot = "";
			targets = (
				8463519F24FD6A52008D1A56 /* app */,
				846351B524FD6A62008D1A56 /* appTests */,
				846351C024FD6A62008D1A56 /* appUITests */,
			);
		};
/* End PBXProject section */

/* Begin PBXResourcesBuildPhase section */
		8463519E24FD6A52008D1A56 /* Resources */ = {
			isa = PBXResourcesBuildPhase;
			buildActionMask = 2147483647;
			files = (
				846351B024FD6A61008D1A56 /* LaunchScreen.storyboard in Resources */,
				846351AD24FD6A61008D1A56 /* Preview Assets.xcassets in Resources */,
				846351AA24FD6A61008D1A56 /* Assets.xcassets in Resources */,
			);
			runOnlyForDeploymentPostprocessing = 0;
		};
		846351B424FD6A62008D1A56 /* Resources */ = {
			isa = PBXResourcesBuildPhase;
			buildActionMask = 2147483647;
			files = (
			);
			runOnlyForDeploymentPostprocessing = 0;
		};
		846351BF24FD6A62008D1A56 /* Resources */ = {
			isa = PBXResourcesBuildPhase;
			buildActionMask = 2147483647;
			files = (
			);
			runOnlyForDeploymentPostprocessing = 0;
		};
/* End PBXResourcesBuildPhase section */

/* Begin PBXShellScriptBuildPhase section */
		84B2708024FE550900B964E9 /* ShellScript */ = {
			isa = PBXShellScriptBuildPhase;
			buildActionMask = 2147483647;
			files = (
			);
			inputFileListPaths = (
			);
			inputPaths = (
			);
			outputFileListPaths = (
			);
			outputPaths = (
			);
			runOnlyForDeploymentPostprocessing = 0;
			shellPath = /bin/sh;
			shellScript = "cd \"$SRCROOT/..\"\n./gradlew :shared:packForXCode -PXCODE_CONFIGURATION=${CONFIGURATION}\n";
		};
		B0480CDB112C74D999524E54 /* [CP] Check Pods Manifest.lock */ = {
			isa = PBXShellScriptBuildPhase;
			buildActionMask = 2147483647;
			files = (
			);
			inputFileListPaths = (
			);
			inputPaths = (
				"${PODS_PODFILE_DIR_PATH}/Podfile.lock",
				"${PODS_ROOT}/Manifest.lock",
			);
			name = "[CP] Check Pods Manifest.lock";
			outputFileListPaths = (
			);
			outputPaths = (
				"$(DERIVED_FILE_DIR)/Pods-app-checkManifestLockResult.txt",
			);
			runOnlyForDeploymentPostprocessing = 0;
			shellPath = /bin/sh;
			shellScript = "diff \"${PODS_PODFILE_DIR_PATH}/Podfile.lock\" \"${PODS_ROOT}/Manifest.lock\" > /dev/null\nif [ $? != 0 ] ; then\n    # print error to STDERR\n    echo \"error: The sandbox is not in sync with the Podfile.lock. Run 'pod install' or update your CocoaPods installation.\" >&2\n    exit 1\nfi\n# This output is used by Xcode 'outputs' to avoid re-running this script phase.\necho \"SUCCESS\" > \"${SCRIPT_OUTPUT_FILE_0}\"\n";
			showEnvVarsInLog = 0;
		};
/* End PBXShellScriptBuildPhase section */

/* Begin PBXSourcesBuildPhase section */
		8463519C24FD6A52008D1A56 /* Sources */ = {
			isa = PBXSourcesBuildPhase;
			buildActionMask = 2147483647;
			files = (
				846351A424FD6A53008D1A56 /* AppDelegate.swift in Sources */,
			);
			runOnlyForDeploymentPostprocessing = 0;
		};
		846351B224FD6A62008D1A56 /* Sources */ = {
			isa = PBXSourcesBuildPhase;
			buildActionMask = 2147483647;
			files = (
				846351BB24FD6A62008D1A56 /* appTests.swift in Sources */,
			);
			runOnlyForDeploymentPostprocessing = 0;
		};
		846351BD24FD6A62008D1A56 /* Sources */ = {
			isa = PBXSourcesBuildPhase;
			buildActionMask = 2147483647;
			files = (
				846351C624FD6A62008D1A56 /* appUITests.swift in Sources */,
			);
			runOnlyForDeploymentPostprocessing = 0;
		};
/* End PBXSourcesBuildPhase section */

/* Begin PBXTargetDependency section */
		846351B824FD6A62008D1A56 /* PBXTargetDependency */ = {
			isa = PBXTargetDependency;
			target = 8463519F24FD6A52008D1A56 /* app */;
			targetProxy = 846351B724FD6A62008D1A56 /* PBXContainerItemProxy */;
		};
		846351C324FD6A62008D1A56 /* PBXTargetDependency */ = {
			isa = PBXTargetDependency;
			target = 8463519F24FD6A52008D1A56 /* app */;
			targetProxy = 846351C224FD6A62008D1A56 /* PBXContainerItemProxy */;
		};
/* End PBXTargetDependency section */

/* Begin PBXVariantGroup section */
		846351AE24FD6A61008D1A56 /* LaunchScreen.storyboard */ = {
			isa = PBXVariantGroup;
			children = (
				846351AF24FD6A61008D1A56 /* Base */,
			);
			name = LaunchScreen.storyboard;
			sourceTree = "<group>";
		};
/* End PBXVariantGroup section */

/* Begin XCBuildConfiguration section */
		846351C824FD6A62008D1A56 /* Debug */ = {
			isa = XCBuildConfiguration;
			buildSettings = {
				ALWAYS_SEARCH_USER_PATHS = NO;
				CLANG_ANALYZER_NONNULL = YES;
				CLANG_ANALYZER_NUMBER_OBJECT_CONVERSION = YES_AGGRESSIVE;
				CLANG_CXX_LANGUAGE_STANDARD = "gnu++14";
				CLANG_CXX_LIBRARY = "libc++";
				CLANG_ENABLE_MODULES = YES;
				CLANG_ENABLE_OBJC_ARC = YES;
				CLANG_ENABLE_OBJC_WEAK = YES;
				CLANG_WARN_BLOCK_CAPTURE_AUTORELEASING = YES;
				CLANG_WARN_BOOL_CONVERSION = YES;
				CLANG_WARN_COMMA = YES;
				CLANG_WARN_CONSTANT_CONVERSION = YES;
				CLANG_WARN_DEPRECATED_OBJC_IMPLEMENTATIONS = YES;
				CLANG_WARN_DIRECT_OBJC_ISA_USAGE = YES_ERROR;
				CLANG_WARN_DOCUMENTATION_COMMENTS = YES;
				CLANG_WARN_EMPTY_BODY = YES;
				CLANG_WARN_ENUM_CONVERSION = YES;
				CLANG_WARN_INFINITE_RECURSION = YES;
				CLANG_WARN_INT_CONVERSION = YES;
				CLANG_WARN_NON_LITERAL_NULL_CONVERSION = YES;
				CLANG_WARN_OBJC_IMPLICIT_RETAIN_SELF = YES;
				CLANG_WARN_OBJC_LITERAL_CONVERSION = YES;
				CLANG_WARN_OBJC_ROOT_CLASS = YES_ERROR;
				CLANG_WARN_RANGE_LOOP_ANALYSIS = YES;
				CLANG_WARN_STRICT_PROTOTYPES = YES;
				CLANG_WARN_SUSPICIOUS_MOVE = YES;
				CLANG_WARN_UNGUARDED_AVAILABILITY = YES_AGGRESSIVE;
				CLANG_WARN_UNREACHABLE_CODE = YES;
				CLANG_WARN__DUPLICATE_METHOD_MATCH = YES;
				COPY_PHASE_STRIP = NO;
				DEBUG_INFORMATION_FORMAT = dwarf;
				ENABLE_STRICT_OBJC_MSGSEND = YES;
				ENABLE_TESTABILITY = YES;
				GCC_C_LANGUAGE_STANDARD = gnu11;
				GCC_DYNAMIC_NO_PIC = NO;
				GCC_NO_COMMON_BLOCKS = YES;
				GCC_OPTIMIZATION_LEVEL = 0;
				GCC_PREPROCESSOR_DEFINITIONS = (
					"DEBUG=1",
					"$(inherited)",
				);
				GCC_WARN_64_TO_32_BIT_CONVERSION = YES;
				GCC_WARN_ABOUT_RETURN_TYPE = YES_ERROR;
				GCC_WARN_UNDECLARED_SELECTOR = YES;
				GCC_WARN_UNINITIALIZED_AUTOS = YES_AGGRESSIVE;
				GCC_WARN_UNUSED_FUNCTION = YES;
				GCC_WARN_UNUSED_VARIABLE = YES;
				IPHONEOS_DEPLOYMENT_TARGET = 13.0;
				MTL_ENABLE_DEBUG_INFO = INCLUDE_SOURCE;
				MTL_FAST_MATH = YES;
				ONLY_ACTIVE_ARCH = YES;
				SDKROOT = iphoneos;
				SWIFT_ACTIVE_COMPILATION_CONDITIONS = DEBUG;
				SWIFT_OPTIMIZATION_LEVEL = "-Onone";
			};
			name = Debug;
		};
		846351C924FD6A62008D1A56 /* Release */ = {
			isa = XCBuildConfiguration;
			buildSettings = {
				ALWAYS_SEARCH_USER_PATHS = NO;
				CLANG_ANALYZER_NONNULL = YES;
				CLANG_ANALYZER_NUMBER_OBJECT_CONVERSION = YES_AGGRESSIVE;
				CLANG_CXX_LANGUAGE_STANDARD = "gnu++14";
				CLANG_CXX_LIBRARY = "libc++";
				CLANG_ENABLE_MODULES = YES;
				CLANG_ENABLE_OBJC_ARC = YES;
				CLANG_ENABLE_OBJC_WEAK = YES;
				CLANG_WARN_BLOCK_CAPTURE_AUTORELEASING = YES;
				CLANG_WARN_BOOL_CONVERSION = YES;
				CLANG_WARN_COMMA = YES;
				CLANG_WARN_CONSTANT_CONVERSION = YES;
				CLANG_WARN_DEPRECATED_OBJC_IMPLEMENTATIONS = YES;
				CLANG_WARN_DIRECT_OBJC_ISA_USAGE = YES_ERROR;
				CLANG_WARN_DOCUMENTATION_COMMENTS = YES;
				CLANG_WARN_EMPTY_BODY = YES;
				CLANG_WARN_ENUM_CONVERSION = YES;
				CLANG_WARN_INFINITE_RECURSION = YES;
				CLANG_WARN_INT_CONVERSION = YES;
				CLANG_WARN_NON_LITERAL_NULL_CONVERSION = YES;
				CLANG_WARN_OBJC_IMPLICIT_RETAIN_SELF = YES;
				CLANG_WARN_OBJC_LITERAL_CONVERSION = YES;
				CLANG_WARN_OBJC_ROOT_CLASS = YES_ERROR;
				CLANG_WARN_RANGE_LOOP_ANALYSIS = YES;
				CLANG_WARN_STRICT_PROTOTYPES = YES;
				CLANG_WARN_SUSPICIOUS_MOVE = YES;
				CLANG_WARN_UNGUARDED_AVAILABILITY = YES_AGGRESSIVE;
				CLANG_WARN_UNREACHABLE_CODE = YES;
				CLANG_WARN__DUPLICATE_METHOD_MATCH = YES;
				COPY_PHASE_STRIP = NO;
				DEBUG_INFORMATION_FORMAT = "dwarf-with-dsym";
				ENABLE_NS_ASSERTIONS = NO;
				ENABLE_STRICT_OBJC_MSGSEND = YES;
				GCC_C_LANGUAGE_STANDARD = gnu11;
				GCC_NO_COMMON_BLOCKS = YES;
				GCC_WARN_64_TO_32_BIT_CONVERSION = YES;
				GCC_WARN_ABOUT_RETURN_TYPE = YES_ERROR;
				GCC_WARN_UNDECLARED_SELECTOR = YES;
				GCC_WARN_UNINITIALIZED_AUTOS = YES_AGGRESSIVE;
				GCC_WARN_UNUSED_FUNCTION = YES;
				GCC_WARN_UNUSED_VARIABLE = YES;
				IPHONEOS_DEPLOYMENT_TARGET = 13.0;
				MTL_ENABLE_DEBUG_INFO = NO;
				MTL_FAST_MATH = YES;
				SDKROOT = iphoneos;
				SWIFT_COMPILATION_MODE = wholemodule;
				SWIFT_OPTIMIZATION_LEVEL = "-O";
				VALIDATE_PRODUCT = YES;
			};
			name = Release;
		};
		846351CB24FD6A62008D1A56 /* Debug */ = {
			isa = XCBuildConfiguration;
			baseConfigurationReference = BE2B6B0157FE6A34422E7E95 /* Pods-app.debug.xcconfig */;
			buildSettings = {
				ASSETCATALOG_COMPILER_APPICON_NAME = AppIcon;
				CODE_SIGN_STYLE = Automatic;
				DEVELOPMENT_ASSET_PATHS = "\"app/Preview Content\"";
				DEVELOPMENT_TEAM = 2NL54W9V2Z;
				ENABLE_PREVIEWS = YES;
				FRAMEWORK_SEARCH_PATHS = "$(SRCROOT)/../shared/build/xcode-frameworks";
				INFOPLIST_FILE = app/Info.plist;
				LD_RUNPATH_SEARCH_PATHS = (
					"$(inherited)",
					"@executable_path/Frameworks",
				);
				PRODUCT_BUNDLE_IDENTIFIER = airatlovesmusic.app;
				PRODUCT_NAME = "$(TARGET_NAME)";
				SWIFT_VERSION = 5.0;
				TARGETED_DEVICE_FAMILY = "1,2";
			};
			name = Debug;
		};
		846351CC24FD6A62008D1A56 /* Release */ = {
			isa = XCBuildConfiguration;
			baseConfigurationReference = 5CB0F77465A9C02269C7D0C9 /* Pods-app.release.xcconfig */;
			buildSettings = {
				ASSETCATALOG_COMPILER_APPICON_NAME = AppIcon;
				CODE_SIGN_STYLE = Automatic;
				DEVELOPMENT_ASSET_PATHS = "\"app/Preview Content\"";
				DEVELOPMENT_TEAM = 2NL54W9V2Z;
				ENABLE_PREVIEWS = YES;
				FRAMEWORK_SEARCH_PATHS = "$(SRCROOT)/../shared/build/xcode-frameworks";
				INFOPLIST_FILE = app/Info.plist;
				LD_RUNPATH_SEARCH_PATHS = (
					"$(inherited)",
					"@executable_path/Frameworks",
				);
				PRODUCT_BUNDLE_IDENTIFIER = airatlovesmusic.app;
				PRODUCT_NAME = "$(TARGET_NAME)";
				SWIFT_VERSION = 5.0;
				TARGETED_DEVICE_FAMILY = "1,2";
			};
			name = Release;
		};
		846351CE24FD6A62008D1A56 /* Debug */ = {
			isa = XCBuildConfiguration;
			buildSettings = {
				ALWAYS_EMBED_SWIFT_STANDARD_LIBRARIES = YES;
				BUNDLE_LOADER = "$(TEST_HOST)";
				CODE_SIGN_STYLE = Automatic;
				INFOPLIST_FILE = appTests/Info.plist;
				IPHONEOS_DEPLOYMENT_TARGET = 13.6;
				LD_RUNPATH_SEARCH_PATHS = (
					"$(inherited)",
					"@executable_path/Frameworks",
					"@loader_path/Frameworks",
				);
				PRODUCT_BUNDLE_IDENTIFIER = airatlovesmusic.appTests;
				PRODUCT_NAME = "$(TARGET_NAME)";
				SWIFT_VERSION = 5.0;
				TARGETED_DEVICE_FAMILY = "1,2";
				TEST_HOST = "$(BUILT_PRODUCTS_DIR)/app.app/app";
			};
			name = Debug;
		};
		846351CF24FD6A62008D1A56 /* Release */ = {
			isa = XCBuildConfiguration;
			buildSettings = {
				ALWAYS_EMBED_SWIFT_STANDARD_LIBRARIES = YES;
				BUNDLE_LOADER = "$(TEST_HOST)";
				CODE_SIGN_STYLE = Automatic;
				INFOPLIST_FILE = appTests/Info.plist;
				IPHONEOS_DEPLOYMENT_TARGET = 13.6;
				LD_RUNPATH_SEARCH_PATHS = (
					"$(inherited)",
					"@executable_path/Frameworks",
					"@loader_path/Frameworks",
				);
				PRODUCT_BUNDLE_IDENTIFIER = airatlovesmusic.appTests;
				PRODUCT_NAME = "$(TARGET_NAME)";
				SWIFT_VERSION = 5.0;
				TARGETED_DEVICE_FAMILY = "1,2";
				TEST_HOST = "$(BUILT_PRODUCTS_DIR)/app.app/app";
			};
			name = Release;
		};
		846351D124FD6A62008D1A56 /* Debug */ = {
			isa = XCBuildConfiguration;
			buildSettings = {
				ALWAYS_EMBED_SWIFT_STANDARD_LIBRARIES = YES;
				CODE_SIGN_STYLE = Automatic;
				INFOPLIST_FILE = appUITests/Info.plist;
				LD_RUNPATH_SEARCH_PATHS = (
					"$(inherited)",
					"@executable_path/Frameworks",
					"@loader_path/Frameworks",
				);
				PRODUCT_BUNDLE_IDENTIFIER = airatlovesmusic.appUITests;
				PRODUCT_NAME = "$(TARGET_NAME)";
				SWIFT_VERSION = 5.0;
				TARGETED_DEVICE_FAMILY = "1,2";
				TEST_TARGET_NAME = app;
			};
			name = Debug;
		};
		846351D224FD6A62008D1A56 /* Release */ = {
			isa = XCBuildConfiguration;
			buildSettings = {
				ALWAYS_EMBED_SWIFT_STANDARD_LIBRARIES = YES;
				CODE_SIGN_STYLE = Automatic;
				INFOPLIST_FILE = appUITests/Info.plist;
				LD_RUNPATH_SEARCH_PATHS = (
					"$(inherited)",
					"@executable_path/Frameworks",
					"@loader_path/Frameworks",
				);
				PRODUCT_BUNDLE_IDENTIFIER = airatlovesmusic.appUITests;
				PRODUCT_NAME = "$(TARGET_NAME)";
				SWIFT_VERSION = 5.0;
				TARGETED_DEVICE_FAMILY = "1,2";
				TEST_TARGET_NAME = app;
			};
			name = Release;
		};
/* End XCBuildConfiguration section */

/* Begin XCConfigurationList section */
		8463519B24FD6A52008D1A56 /* Build configuration list for PBXProject "app" */ = {
			isa = XCConfigurationList;
			buildConfigurations = (
				846351C824FD6A62008D1A56 /* Debug */,
				846351C924FD6A62008D1A56 /* Release */,
			);
			defaultConfigurationIsVisible = 0;
			defaultConfigurationName = Release;
		};
		846351CA24FD6A62008D1A56 /* Build configuration list for PBXNativeTarget "app" */ = {
			isa = XCConfigurationList;
			buildConfigurations = (
				846351CB24FD6A62008D1A56 /* Debug */,
				846351CC24FD6A62008D1A56 /* Release */,
			);
			defaultConfigurationIsVisible = 0;
			defaultConfigurationName = Release;
		};
		846351CD24FD6A62008D1A56 /* Build configuration list for PBXNativeTarget "appTests" */ = {
			isa = XCConfigurationList;
			buildConfigurations = (
				846351CE24FD6A62008D1A56 /* Debug */,
				846351CF24FD6A62008D1A56 /* Release */,
			);
			defaultConfigurationIsVisible = 0;
			defaultConfigurationName = Release;
		};
		846351D024FD6A62008D1A56 /* Build configuration list for PBXNativeTarget "appUITests" */ = {
			isa = XCConfigurationList;
			buildConfigurations = (
				846351D124FD6A62008D1A56 /* Debug */,
				846351D224FD6A62008D1A56 /* Release */,
			);
			defaultConfigurationIsVisible = 0;
			defaultConfigurationName = Release;
		};
/* End XCConfigurationList section */
	};
	rootObject = 8463519824FD6A52008D1A56 /* Project object */;
}
